
Microsoft Visual Studio Solution File, Format Version 12.00
# Visual Studio Version 17
VisualStudioVersion = 17.7.34221.43
MinimumVisualStudioVersion = 10.0.40219.1
Project("{FAE04EC0-301F-11D3-BF4B-00C04F79EFBC}") = "TukiVerkko1", "TukiVerkko1.csproj", "{89B0D419-7402-458F-A36A-72AD9593C39F}"
EndProject
Global
	GlobalSection(SolutionConfigurationPlatforms) = preSolution
		Debug|Any CPU = Debug|Any CPU
		Release|Any CPU = Release|Any CPU
	EndGlobalSection
	GlobalSection(ProjectConfigurationPlatforms) = postSolution
		{89B0D419-7402-458F-A36A-72AD9593C39F}.Debug|Any CPU.ActiveCfg = Debug|Any CPU
		{89B0D419-7402-458F-A36A-72AD9593C39F}.Debug|Any CPU.Build.0 = Debug|Any CPU
		{89B0D419-7402-458F-A36A-72AD9593C39F}.Release|Any CPU.ActiveCfg = Release|Any CPU
		{89B0D419-7402-458F-A36A-72AD9593C39F}.Release|Any CPU.Build.0 = Release|Any CPU
	EndGlobalSection
	GlobalSection(SolutionProperties) = preSolution
		HideSolutionNode = FALSE
	EndGlobalSection
	GlobalSection(ExtensibilityGlobals) = postSolution
		SolutionGuid = {62F51FFB-D11F-45D2-B2A1-D3F7B9D1C3A6}
	EndGlobalSection
EndGlobal
